{
  "nodes": {
    "deploy-rs": {
      "inputs": {
        "flake-compat": "flake-compat",
        "nixpkgs": [
          "nixpkgs"
        ],
        "utils": "utils"
      },
      "locked": {
        "lastModified": 1683255183,
        "narHash": "sha256-UUxpb5PMkFfP2JGoPMEUvKbxv+wCkTWy4uZs1MyyCes=",
        "owner": "serokell",
        "repo": "deploy-rs",
        "rev": "6b0b6a1c2527e8b1ef370a308b6ef8903004ac47",
        "type": "github"
      },
      "original": {
        "owner": "serokell",
        "repo": "deploy-rs",
        "type": "github"
      }
    },
    "dotfiles": {
      "flake": false,
      "locked": {
        "lastModified": 1682683484,
        "narHash": "sha256-feRNIdAEgCYDdVKiT8f9bqGPj+vQeIXmwuFMto4W5tI=",
        "owner": "Chewie",
        "repo": "dotfiles",
        "rev": "e63b6b900bbb3b9b32f73fea38eb58777e238d08",
        "type": "github"
      },
      "original": {
        "owner": "Chewie",
        "repo": "dotfiles",
        "type": "github"
      }
    },
    "flake-compat": {
      "flake": false,
      "locked": {
        "lastModified": 1668681692,
        "narHash": "sha256-Ht91NGdewz8IQLtWZ9LCeNXMSXHUss+9COoqu6JLmXU=",
        "owner": "edolstra",
        "repo": "flake-compat",
        "rev": "009399224d5e398d03b22badca40a37ac85412a1",
        "type": "github"
      },
      "original": {
        "owner": "edolstra",
        "repo": "flake-compat",
        "type": "github"
      }
    },
    "home-manager": {
      "inputs": {
        "nixpkgs": [
          "nixpkgs"
        ]
      },
      "locked": {
        "lastModified": 1683276747,
        "narHash": "sha256-T3st1VBg3wmhHyBQb0z12sTSGsQgiu3mxkS61nLO8Xs=",
        "owner": "nix-community",
        "repo": "home-manager",
        "rev": "669669fcb403e3137dfe599bbcc26e60502c3543",
        "type": "github"
      },
      "original": {
        "owner": "nix-community",
        "repo": "home-manager",
        "type": "github"
      }
    },
    "nixpkgs": {
      "locked": {
        "lastModified": 1683286087,
        "narHash": "sha256-xseOd7W7xwF5GOF2RW8qhjmVGrKoBz+caBlreaNzoeI=",
        "owner": "NixOS",
        "repo": "nixpkgs",
        "rev": "3e313808bd2e0a0669430787fb22e43b2f4bf8bf",
        "type": "github"
      },
      "original": {
        "owner": "NixOS",
        "ref": "nixos-unstable",
        "repo": "nixpkgs",
        "type": "github"
      }
    },
    "root": {
      "inputs": {
        "deploy-rs": "deploy-rs",
        "dotfiles": "dotfiles",
        "home-manager": "home-manager",
        "nixpkgs": "nixpkgs"
      }
    },
    "utils": {
      "locked": {
        "lastModified": 1667395993,
        "narHash": "sha256-nuEHfE/LcWyuSWnS8t12N1wc105Qtau+/OdUAjtQ0rA=",
        "owner": "numtide",
        "repo": "flake-utils",
        "rev": "5aed5285a952e0b949eb3ba02c12fa4fcfef535f",
        "type": "github"
      },
      "original": {
        "owner": "numtide",
        "repo": "flake-utils",
        "type": "github"
      }
    }
  },
  "root": "root",
  "version": 7
}
